
Microsoft Visual Studio Solution File, Format Version 12.00
# Visual Studio Version 17
VisualStudioVersion = 17.5.33627.172
MinimumVisualStudioVersion = 10.0.40219.1
Project("{9A19103F-16F7-4668-BE54-9A1E7A4F7556}") = "DeribitApiClient.Application", "DeribitApiClient.Application\DeribitApiClient.Application.csproj", "{4CA00781-335A-4ABD-AFAA-4293DA19A3A1}"
EndProject
Project("{9A19103F-16F7-4668-BE54-9A1E7A4F7556}") = "DeribitApiClient.Tests", "DeribitApiClient.Tests\DeribitApiClient.Tests.csproj", "{563C47D5-C3B3-4665-92E9-B8801B973E33}"
EndProject
Project("{9A19103F-16F7-4668-BE54-9A1E7A4F7556}") = "DeribitApiClient.Infrastructure", "DeribitApiClient.Infrastructure\DeribitApiClient.Infrastructure.csproj", "{F77458BD-2CC6-4039-8591-396EB33911CA}"
EndProject
Project("{9A19103F-16F7-4668-BE54-9A1E7A4F7556}") = "DeribitApiClient", "DeribitApiClient\DeribitApiClient.csproj", "{ACF977A6-8C35-4A73-9CE4-D1CC1F90233D}"
EndProject
Global
	GlobalSection(SolutionConfigurationPlatforms) = preSolution
		Debug|Any CPU = Debug|Any CPU
		Release|Any CPU = Release|Any CPU
	EndGlobalSection
	GlobalSection(ProjectConfigurationPlatforms) = postSolution
		{4CA00781-335A-4ABD-AFAA-4293DA19A3A1}.Debug|Any CPU.ActiveCfg = Debug|Any CPU
		{4CA00781-335A-4ABD-AFAA-4293DA19A3A1}.Debug|Any CPU.Build.0 = Debug|Any CPU
		{4CA00781-335A-4ABD-AFAA-4293DA19A3A1}.Release|Any CPU.ActiveCfg = Release|Any CPU
		{4CA00781-335A-4ABD-AFAA-4293DA19A3A1}.Release|Any CPU.Build.0 = Release|Any CPU
		{563C47D5-C3B3-4665-92E9-B8801B973E33}.Debug|Any CPU.ActiveCfg = Debug|Any CPU
		{563C47D5-C3B3-4665-92E9-B8801B973E33}.Debug|Any CPU.Build.0 = Debug|Any CPU
		{563C47D5-C3B3-4665-92E9-B8801B973E33}.Release|Any CPU.ActiveCfg = Release|Any CPU
		{563C47D5-C3B3-4665-92E9-B8801B973E33}.Release|Any CPU.Build.0 = Release|Any CPU
		{F77458BD-2CC6-4039-8591-396EB33911CA}.Debug|Any CPU.ActiveCfg = Debug|Any CPU
		{F77458BD-2CC6-4039-8591-396EB33911CA}.Debug|Any CPU.Build.0 = Debug|Any CPU
		{F77458BD-2CC6-4039-8591-396EB33911CA}.Release|Any CPU.ActiveCfg = Release|Any CPU
		{F77458BD-2CC6-4039-8591-396EB33911CA}.Release|Any CPU.Build.0 = Release|Any CPU
		{ACF977A6-8C35-4A73-9CE4-D1CC1F90233D}.Debug|Any CPU.ActiveCfg = Debug|Any CPU
		{ACF977A6-8C35-4A73-9CE4-D1CC1F90233D}.Debug|Any CPU.Build.0 = Debug|Any CPU
		{ACF977A6-8C35-4A73-9CE4-D1CC1F90233D}.Release|Any CPU.ActiveCfg = Release|Any CPU
		{ACF977A6-8C35-4A73-9CE4-D1CC1F90233D}.Release|Any CPU.Build.0 = Release|Any CPU
	EndGlobalSection
	GlobalSection(SolutionProperties) = preSolution
		HideSolutionNode = FALSE
	EndGlobalSection
	GlobalSection(ExtensibilityGlobals) = postSolution
		SolutionGuid = {E2F05389-040B-4E9A-B813-EDC61151C373}
	EndGlobalSection
EndGlobal
